
Microsoft Visual Studio Solution File, Format Version 12.00
# Visual Studio Version 17
VisualStudioVersion = 17.10.34928.147
MinimumVisualStudioVersion = 10.0.40219.1
Project("{2150E333-8FDC-42A3-9474-1A3956D46DE8}") = ".NET", ".NET", "{AD38A861-9147-4349-9D3C-A6B8A523CB24}"
EndProject
Project("{9A19103F-16F7-4668-BE54-9A1E7A4F7556}") = "Serilog_MM", "Serilog\Serilog_MM.csproj", "{85D0FA5D-C12A-4DFE-853B-0EC8A06950CB}"
EndProject
Project("{2150E333-8FDC-42A3-9474-1A3956D46DE8}") = "Project", "Project", "{BAB5E1CC-AEB9-4735-9503-6C531FA905B7}"
EndProject
Global
	GlobalSection(SolutionConfigurationPlatforms) = preSolution
		Debug|Any CPU = Debug|Any CPU
		Release|Any CPU = Release|Any CPU
	EndGlobalSection
	GlobalSection(ProjectConfigurationPlatforms) = postSolution
		{85D0FA5D-C12A-4DFE-853B-0EC8A06950CB}.Debug|Any CPU.ActiveCfg = Debug|Any CPU
		{85D0FA5D-C12A-4DFE-853B-0EC8A06950CB}.Debug|Any CPU.Build.0 = Debug|Any CPU
		{85D0FA5D-C12A-4DFE-853B-0EC8A06950CB}.Release|Any CPU.ActiveCfg = Release|Any CPU
		{85D0FA5D-C12A-4DFE-853B-0EC8A06950CB}.Release|Any CPU.Build.0 = Release|Any CPU
	EndGlobalSection
	GlobalSection(SolutionProperties) = preSolution
		HideSolutionNode = FALSE
	EndGlobalSection
	GlobalSection(NestedProjects) = preSolution
		{85D0FA5D-C12A-4DFE-853B-0EC8A06950CB} = {AD38A861-9147-4349-9D3C-A6B8A523CB24}
	EndGlobalSection
	GlobalSection(ExtensibilityGlobals) = postSolution
		SolutionGuid = {BFD0A5B5-183A-433D-A751-A30C092DEAE0}
	EndGlobalSection
EndGlobal
